
Microsoft Visual Studio Solution File, Format Version 12.00
# Visual Studio 2017
Project("{FAE04EC0-301F-11D3-BF4B-00C04F79EFBC}") = "SUIT_1", "SUIT_1.csproj", "{0B82A452-42B2-0344-F6FB-3B681A225767}"
EndProject
Global
	GlobalSection(SolutionConfigurationPlatforms) = preSolution
		Debug|Any CPU = Debug|Any CPU
		Release|Any CPU = Release|Any CPU
	EndGlobalSection
	GlobalSection(ProjectConfigurationPlatforms) = postSolution
		{0B82A452-42B2-0344-F6FB-3B681A225767}.Debug|Any CPU.ActiveCfg = Debug|Any CPU
		{0B82A452-42B2-0344-F6FB-3B681A225767}.Debug|Any CPU.Build.0 = Debug|Any CPU
		{0B82A452-42B2-0344-F6FB-3B681A225767}.Release|Any CPU.ActiveCfg = Release|Any CPU
		{0B82A452-42B2-0344-F6FB-3B681A225767}.Release|Any CPU.Build.0 = Release|Any CPU
	EndGlobalSection
	GlobalSection(SolutionProperties) = preSolution
		HideSolutionNode = FALSE
	EndGlobalSection
EndGlobal
